{
    "default": {
        "Unidecode": {
            "version": "==0.04.20",
            "hash": "sha256:eedac7bfd886f43484787206f6a141b232e2b2a58652c54d06499b187fd84660"
        },
        "six": {
            "version": "==1.10.0",
            "hash": "sha256:0ff78c403d9bccf5a425a6d31a12aa6b47f1c21ca4dc2573a7e2f32a97335eb1"
        },
        "django-appconf": {
            "version": "==1.0.2",
            "hash": "sha256:ddab987d14b26731352c01ee69c090a4ebfc9141ed223bef039d79587f22acd9"
        },
        "Willow": {
            "version": "==0.4",
            "hash": "sha256:b86334bc1939bf6b3c33bbfe141d61600ed4e6880ac86408431400cd7cc7ba3f"
        },
        "Django": {
            "version": "==1.11",
            "hash": "sha256:0120b3b60760fb0617848b58aaa9702c0bf963320ed472f0879c5c55ab75b64a"
        },
        "packaging": {
            "version": "==16.8",
            "hash": "sha256:99276dc6e3a7851f32027a68f1095cd3f77c148091b092ea867a351811cfe388"
        },
        "wagtail": {
            "version": "==1.9.1",
            "hash": "sha256:e6958f870100ba03eccce2fcc7aa3bac3bbdf688667ccc95b8f06e462f4c0730"
        },
        "pytz": {
            "version": "==2017.2",
            "hash": "sha256:d1d6729c85acea5423671382868627129432fba9a89ecbb248d8d1c7a9f01c67"
        },
        "django-modelcluster": {
            "version": "==3.1",
            "hash": "sha256:9edde7fb87b413c1114df47f928e95fbd6878de17f9f2caeea90e77766e272b5"
        },
        "pyparsing": {
            "version": "==2.2.0",
            "hash": "sha256:fee43f17a9c4087e7ed1605bd6df994c6173c1e977d7ade7b651292fab2bd010"
        },
        "html5lib": {
            "version": "==0.999999999",
            "hash": "sha256:b8934484cf22f1db684c0fae27569a0db404d0208d20163fbf51cc537245d008"
        },
        "appdirs": {
            "version": "==1.4.3",
            "hash": "sha256:d8b24664561d0d34ddfaec54636d502d7cea6e29c3eaf68f3df6180863e2166e"
        },
        "django-libsass": {
            "version": "==0.7",
            "hash": "sha256:49db3334b87e1f7955c4f9fb9945bc296f8bfd27a14d6d89706e4b0e5dc5de1c"
        },
        "beautifulsoup4": {
            "version": "==4.5.3",
            "hash": "sha256:0a91347d5a4ab2196407ff4d3d758f2e712cae9bdfa3fd1eb0f83edea95e0d8d"
        },
        "Wand": {
            "version": "==0.4.4",
            "hash": "sha256:28e0454c9d16d69c5d5034918d96320d8f9f1377b4fdaf4944eec2f938c74704"
        },
        "django-treebeard": {
            "version": "==4.1.0",
            "hash": "sha256:f13c9a612a554ee0784632961904870efcf05f58282cd158da84ee88120fbafb"
        },
        "psycopg2": {
            "version": "==2.7.1",
            "hash": "sha256:74ee532d6068a1456d5eda254513656c716cdee0a7389c91c094c7ce3500a9c9"
        },
        "rjsmin": {
            "version": "==1.0.12",
            "hash": "sha256:dd9591aa73500b08b7db24367f8d32c6470021f39d5ab4e50c7c02e4401386f1"
        },
        "Pillow": {
            "version": "==4.1.1",
            "hash": "sha256:f4fb801bfd2bcbfc4a7f2819c95ea6a1cfef197420ae9849b01b08b9970a51b3"
        },
        "libsass": {
            "version": "==0.12.3",
            "hash": "sha256:c3ea0cbb36745b6cc10278539e0bf93a426f2f497306181fc6214193f493b8d5"
        },
        "djangorestframework": {
            "version": "==3.6.2",
            "hash": "sha256:3dc4bb6377dd1d58d8e2adc908d4f2e3bca5d8d0fb8323c49f57c8c8d407f6ec"
        },
        "django-taggit": {
            "version": "==0.22.1",
            "hash": "sha256:969a68dc244fd3051589b6b917e26777cdf186f95dd51bf2f023f5446e2ca89e"
        },
        "setuptools": {
            "version": "==35.0.2",
            "hash": "sha256:19d753940f8cdbee7548da318f8b56159aead279ef811a6efc8b8a33d89c86a4"
        },
        "webencodings": {
            "version": "==0.5.1",
            "hash": "sha256:a0af1213f3c2226497a97e2b3aa01a7e4bee4f403f95be16fc9acd2947514a78"
        },
        "requests": {
            "version": "==2.13.0",
            "hash": "sha256:1a720e8862a41aa22e339373b526f508ef0c8988baf48b84d3fc891a8e237efb"
        },
        "rcssmin": {
            "version": "==1.0.6",
            "hash": "sha256:ca87b695d3d7864157773a61263e5abb96006e9ff0e021eff90cbe0e1ba18270"
        },
        "olefile": {
            "version": "==0.44",
            "hash": "sha256:61f2ca0cd0aa77279eb943c07f607438edf374096b66332fae1ee64a6f0f73ad"
        },
        "django_compressor": {
            "version": "==2.1.1",
            "hash": "sha256:6483f6091d614b2f3ddaa0d5061849e7bd40528f4f1fdf0d74e48df09e7c6699"
        }
    },
    "develop": {},
    "_meta": {
        "sources": [
            {
                "url": "https://pypi.python.org/simple",
                "verify_ssl": true
            }
        ],
        "requires": {},
        "hash": {
            "sha256": "905f9a5c9b012ad003f801a953ab35cfe665ffb25bb6058c7fc74ab199b78f44"
        }
    }
}